
Microsoft Visual Studio Solution File, Format Version 12.00
# Visual Studio Version 17
VisualStudioVersion = 17.9.34723.18
MinimumVisualStudioVersion = 10.0.40219.1
Project("{FAE04EC0-301F-11D3-BF4B-00C04F79EFBC}") = "snake game", "snake game\snake game.csproj", "{01EA9243-E477-497A-8F1B-37D8F4AD55E5}"
EndProject
Global
	GlobalSection(SolutionConfigurationPlatforms) = preSolution
		Debug|Any CPU = Debug|Any CPU
		Release|Any CPU = Release|Any CPU
	EndGlobalSection
	GlobalSection(ProjectConfigurationPlatforms) = postSolution
		{01EA9243-E477-497A-8F1B-37D8F4AD55E5}.Debug|Any CPU.ActiveCfg = Debug|Any CPU
		{01EA9243-E477-497A-8F1B-37D8F4AD55E5}.Debug|Any CPU.Build.0 = Debug|Any CPU
		{01EA9243-E477-497A-8F1B-37D8F4AD55E5}.Release|Any CPU.ActiveCfg = Release|Any CPU
		{01EA9243-E477-497A-8F1B-37D8F4AD55E5}.Release|Any CPU.Build.0 = Release|Any CPU
	EndGlobalSection
	GlobalSection(SolutionProperties) = preSolution
		HideSolutionNode = FALSE
	EndGlobalSection
	GlobalSection(ExtensibilityGlobals) = postSolution
		SolutionGuid = {66FD7D4D-0399-420D-8D36-E2D16A5684DA}
	EndGlobalSection
EndGlobal
